{
  "lockfile_version": "1",
  "packages": {
    "hugo@latest": {
      "last_modified": "2025-01-09T11:09:19Z",
      "resolved": "github:NixOS/nixpkgs/32af3611f6f05655ca166a0b1f47b57c762b5192#hugo",
      "source": "devbox-search",
      "version": "0.140.2",
      "systems": {
        "aarch64-darwin": {
          "outputs": [
            {
              "name": "out",
              "path": "/nix/store/99qng10gjfhj2nw0mq2wabicym862abg-hugo-0.140.2",
              "default": true
            }
          ],
          "store_path": "/nix/store/99qng10gjfhj2nw0mq2wabicym862abg-hugo-0.140.2"
        },
        "aarch64-linux": {
          "outputs": [
            {
              "name": "out",
              "path": "/nix/store/i3akr4y3g4rdg5w64q8pis69drz02ayl-hugo-0.140.2",
              "default": true
            }
          ],
          "store_path": "/nix/store/i3akr4y3g4rdg5w64q8pis69drz02ayl-hugo-0.140.2"
        },
        "x86_64-darwin": {
          "outputs": [
            {
              "name": "out",
              "path": "/nix/store/ml5dbdn7cs77fz47sr5fklafidg609ln-hugo-0.140.2",
              "default": true
            }
          ],
          "store_path": "/nix/store/ml5dbdn7cs77fz47sr5fklafidg609ln-hugo-0.140.2"
        },
        "x86_64-linux": {
          "outputs": [
            {
              "name": "out",
              "path": "/nix/store/6yvswihirak2nyj52w37mm0m3lrwvkvm-hugo-0.140.2",
              "default": true
            }
          ],
          "store_path": "/nix/store/6yvswihirak2nyj52w37mm0m3lrwvkvm-hugo-0.140.2"
        }
      }
    },
    "nodejs@latest": {
      "last_modified": "2025-01-25T23:17:58Z",
      "plugin_version": "0.0.2",
      "resolved": "github:NixOS/nixpkgs/b582bb5b0d7af253b05d58314b85ab8ec46b8d19#nodejs_23",
      "source": "devbox-search",
      "version": "23.6.1",
      "systems": {
        "aarch64-darwin": {
          "outputs": [
            {
              "name": "out",
              "path": "/nix/store/29axir4ms4kg5ivy9gi493a0zpdlhgf5-nodejs-23.6.1",
              "default": true
            },
            {
              "name": "libv8",
              "path": "/nix/store/xfdfdffbchi433vv8yxw2m70wlyizwxw-nodejs-23.6.1-libv8"
            }
          ],
          "store_path": "/nix/store/29axir4ms4kg5ivy9gi493a0zpdlhgf5-nodejs-23.6.1"
        },
        "aarch64-linux": {
          "outputs": [
            {
              "name": "out",
              "path": "/nix/store/iyjgxm33zsha6pajl5kz31sk59vi46i4-nodejs-23.6.1",
              "default": true
            },
            {
              "name": "libv8",
              "path": "/nix/store/2hnqy10ldk4y569i7b03fga6xizhawjz-nodejs-23.6.1-libv8"
            }
          ],
          "store_path": "/nix/store/iyjgxm33zsha6pajl5kz31sk59vi46i4-nodejs-23.6.1"
        },
        "x86_64-darwin": {
          "outputs": [
            {
              "name": "out",
              "path": "/nix/store/3pkq98fxx3snwik291lbrjaqm6y1vq99-nodejs-23.6.1",
              "default": true
            },
            {
              "name": "libv8",
              "path": "/nix/store/0vvj5hwvkw4bwfli1ibgvq8xqyscxm49-nodejs-23.6.1-libv8"
            }
          ],
          "store_path": "/nix/store/3pkq98fxx3snwik291lbrjaqm6y1vq99-nodejs-23.6.1"
        },
        "x86_64-linux": {
          "outputs": [
            {
              "name": "out",
              "path": "/nix/store/0pkqh1lq6j9h93n1ajx6v9zy2pv6hx28-nodejs-23.6.1",
              "default": true
            },
            {
              "name": "libv8",
              "path": "/nix/store/cm187hrwxr4nkmffkwpmr7x6cccss20v-nodejs-23.6.1-libv8"
            }
          ],
          "store_path": "/nix/store/0pkqh1lq6j9h93n1ajx6v9zy2pv6hx28-nodejs-23.6.1"
        }
      }
    },
    "pre-commit@latest": {
      "last_modified": "2025-01-25T23:17:58Z",
      "resolved": "github:NixOS/nixpkgs/b582bb5b0d7af253b05d58314b85ab8ec46b8d19#pre-commit",
      "source": "devbox-search",
      "version": "4.0.1",
      "systems": {
        "aarch64-darwin": {
          "outputs": [
            {
              "name": "out",
              "path": "/nix/store/9lz1d1szzwzy6x242kk9px91pkdy7cd6-pre-commit-4.0.1",
              "default": true
            },
            {
              "name": "dist",
              "path": "/nix/store/hi34jjdsbbhq5xh1q0w47a23jpqf6iac-pre-commit-4.0.1-dist"
            }
          ],
          "store_path": "/nix/store/9lz1d1szzwzy6x242kk9px91pkdy7cd6-pre-commit-4.0.1"
        },
        "aarch64-linux": {
          "outputs": [
            {
              "name": "out",
              "path": "/nix/store/wnm7889axpdqqbl67n17kxw5sk31jjw5-pre-commit-4.0.1",
              "default": true
            },
            {
              "name": "dist",
              "path": "/nix/store/qr97swbwvy1b3xp49xpqrv57vprqjwdq-pre-commit-4.0.1-dist"
            }
          ],
          "store_path": "/nix/store/wnm7889axpdqqbl67n17kxw5sk31jjw5-pre-commit-4.0.1"
        },
        "x86_64-darwin": {
          "outputs": [
            {
              "name": "out",
              "path": "/nix/store/w7fwcza4vnyxlsw2ikqjinqsn02ks06j-pre-commit-4.0.1",
              "default": true
            },
            {
              "name": "dist",
              "path": "/nix/store/s7hxrwkn34q92g8pzw17v05ml3v10yys-pre-commit-4.0.1-dist"
            }
          ],
          "store_path": "/nix/store/w7fwcza4vnyxlsw2ikqjinqsn02ks06j-pre-commit-4.0.1"
        },
        "x86_64-linux": {
          "outputs": [
            {
              "name": "out",
              "path": "/nix/store/4x6p9yzvi0izpd3j4qj87z2d39lh0si6-pre-commit-4.0.1",
              "default": true
            },
            {
              "name": "dist",
              "path": "/nix/store/m78p9134p8njvmi881zkfrskb7i7a9z7-pre-commit-4.0.1-dist"
            }
          ],
          "store_path": "/nix/store/4x6p9yzvi0izpd3j4qj87z2d39lh0si6-pre-commit-4.0.1"
        }
      }
    },
    "python39@latest": {
      "last_modified": "2025-01-25T23:17:58Z",
      "plugin_version": "0.0.4",
      "resolved": "github:NixOS/nixpkgs/b582bb5b0d7af253b05d58314b85ab8ec46b8d19#python39",
      "source": "devbox-search",
      "version": "3.9.21",
      "systems": {
        "aarch64-darwin": {
          "outputs": [
            {
              "name": "out",
              "path": "/nix/store/v8v9kfdakmdyb7l9550q5n8zkf1i0fkg-python3-3.9.21",
              "default": true
            }
          ],
          "store_path": "/nix/store/v8v9kfdakmdyb7l9550q5n8zkf1i0fkg-python3-3.9.21"
        },
        "aarch64-linux": {
          "outputs": [
            {
              "name": "out",
              "path": "/nix/store/2dpmv393npsm7z1xrn2hmc64gdrs8nqw-python3-3.9.21",
              "default": true
            },
            {
              "name": "debug",
              "path": "/nix/store/b6092dlfkz8ivacv25c17q3phldr90ih-python3-3.9.21-debug"
            }
          ],
          "store_path": "/nix/store/2dpmv393npsm7z1xrn2hmc64gdrs8nqw-python3-3.9.21"
        },
        "x86_64-darwin": {
          "outputs": [
            {
              "name": "out",
              "path": "/nix/store/r9m49jnwjnmjnwfbnvyy97rm8bq92961-python3-3.9.21",
              "default": true
            }
          ],
          "store_path": "/nix/store/r9m49jnwjnmjnwfbnvyy97rm8bq92961-python3-3.9.21"
        },
        "x86_64-linux": {
          "outputs": [
            {
              "name": "out",
              "path": "/nix/store/dq6pni9c365rsfivm6iq7wzn3aigp94l-python3-3.9.21",
              "default": true
            },
            {
              "name": "debug",
              "path": "/nix/store/klrhhnqj67q9340rzi7jacsg37mgn7i4-python3-3.9.21-debug"
            }
          ],
          "store_path": "/nix/store/dq6pni9c365rsfivm6iq7wzn3aigp94l-python3-3.9.21"
        }
      }
    },
    "trivy@latest": {
      "last_modified": "2025-01-25T23:17:58Z",
      "resolved": "github:NixOS/nixpkgs/b582bb5b0d7af253b05d58314b85ab8ec46b8d19#trivy",
      "source": "devbox-search",
      "version": "0.58.2",
      "systems": {
        "aarch64-darwin": {
          "outputs": [
            {
              "name": "out",
              "path": "/nix/store/9xkh1vqzqm3y3a1hpkbrq81f44418nbf-trivy-0.58.2",
              "default": true
            }
          ],
          "store_path": "/nix/store/9xkh1vqzqm3y3a1hpkbrq81f44418nbf-trivy-0.58.2"
        },
        "aarch64-linux": {
          "outputs": [
            {
              "name": "out",
              "path": "/nix/store/0pg2q27a54a98mjaar6yq0p3g8f6zi66-trivy-0.58.2",
              "default": true
            }
          ],
          "store_path": "/nix/store/0pg2q27a54a98mjaar6yq0p3g8f6zi66-trivy-0.58.2"
        },
        "x86_64-darwin": {
          "outputs": [
            {
              "name": "out",
              "path": "/nix/store/armkdil7774yb45s0k3db924xm9574xv-trivy-0.58.2",
              "default": true
            }
          ],
          "store_path": "/nix/store/armkdil7774yb45s0k3db924xm9574xv-trivy-0.58.2"
        },
        "x86_64-linux": {
          "outputs": [
            {
              "name": "out",
              "path": "/nix/store/p6p5519vr6pcjicv5whbsfm8627s28yv-trivy-0.58.2",
              "default": true
            }
          ],
          "store_path": "/nix/store/p6p5519vr6pcjicv5whbsfm8627s28yv-trivy-0.58.2"
        }
      }
    }
  }
}
